
Microsoft Visual Studio Solution File, Format Version 12.00
# Visual Studio Version 17
VisualStudioVersion = 17.10.35004.147
MinimumVisualStudioVersion = 10.0.40219.1
Project("{9A19103F-16F7-4668-BE54-9A1E7A4F7556}") = "JWTCQRSProject.Api", "JWTCQRSProject.Api\JWTCQRSProject.Api.csproj", "{8CCABF8C-8F2F-4132-A92A-1ED1B25D1FED}"
EndProject
Project("{FAE04EC0-301F-11D3-BF4B-00C04F79EFBC}") = "JWTCQRSProject.UI", "JWTCQRSProject.UI\JWTCQRSProject.UI.csproj", "{48014B22-61D1-48A6-BEFB-9BBC6C99CB92}"
EndProject
Global
	GlobalSection(SolutionConfigurationPlatforms) = preSolution
		Debug|Any CPU = Debug|Any CPU
		Release|Any CPU = Release|Any CPU
	EndGlobalSection
	GlobalSection(ProjectConfigurationPlatforms) = postSolution
		{8CCABF8C-8F2F-4132-A92A-1ED1B25D1FED}.Debug|Any CPU.ActiveCfg = Debug|Any CPU
		{8CCABF8C-8F2F-4132-A92A-1ED1B25D1FED}.Debug|Any CPU.Build.0 = Debug|Any CPU
		{8CCABF8C-8F2F-4132-A92A-1ED1B25D1FED}.Release|Any CPU.ActiveCfg = Release|Any CPU
		{8CCABF8C-8F2F-4132-A92A-1ED1B25D1FED}.Release|Any CPU.Build.0 = Release|Any CPU
		{48014B22-61D1-48A6-BEFB-9BBC6C99CB92}.Debug|Any CPU.ActiveCfg = Debug|Any CPU
		{48014B22-61D1-48A6-BEFB-9BBC6C99CB92}.Debug|Any CPU.Build.0 = Debug|Any CPU
		{48014B22-61D1-48A6-BEFB-9BBC6C99CB92}.Release|Any CPU.ActiveCfg = Release|Any CPU
		{48014B22-61D1-48A6-BEFB-9BBC6C99CB92}.Release|Any CPU.Build.0 = Release|Any CPU
	EndGlobalSection
	GlobalSection(SolutionProperties) = preSolution
		HideSolutionNode = FALSE
	EndGlobalSection
	GlobalSection(ExtensibilityGlobals) = postSolution
		SolutionGuid = {7F7E630E-8EF3-47D7-8771-F96CC67EFFA0}
	EndGlobalSection
EndGlobal
